// !$*UTF8*$!
{
	archiveVersion = 1;
	classes = {
	};
	objectVersion = 50;
	objects = {

/* Begin PBXBuildFile section */
		220B8B06244E47FE00365793 /* Alerta.swift in Sources */ = {isa = PBXBuildFile; fileRef = 220B8B05244E47FE00365793 /* Alerta.swift */; };
		222E09BF2446251A009DF72D /* Refeicao.swift in Sources */ = {isa = PBXBuildFile; fileRef = 222E09BE2446251A009DF72D /* Refeicao.swift */; };
		222E09C124462560009DF72D /* Item.swift in Sources */ = {isa = PBXBuildFile; fileRef = 222E09C024462560009DF72D /* Item.swift */; };
		222EBA392444C8C100C0A9A1 /* AppDelegate.swift in Sources */ = {isa = PBXBuildFile; fileRef = 222EBA382444C8C100C0A9A1 /* AppDelegate.swift */; };
		222EBA3B2444C8C100C0A9A1 /* SceneDelegate.swift in Sources */ = {isa = PBXBuildFile; fileRef = 222EBA3A2444C8C100C0A9A1 /* SceneDelegate.swift */; };
		222EBA3D2444C8C100C0A9A1 /* ViewController.swift in Sources */ = {isa = PBXBuildFile; fileRef = 222EBA3C2444C8C100C0A9A1 /* ViewController.swift */; };
		222EBA402444C8C100C0A9A1 /* Main.storyboard in Resources */ = {isa = PBXBuildFile; fileRef = 222EBA3E2444C8C100C0A9A1 /* Main.storyboard */; };
		222EBA422444C8C100C0A9A1 /* Assets.xcassets in Resources */ = {isa = PBXBuildFile; fileRef = 222EBA412444C8C100C0A9A1 /* Assets.xcassets */; };
		222EBA452444C8C100C0A9A1 /* LaunchScreen.storyboard in Resources */ = {isa = PBXBuildFile; fileRef = 222EBA432444C8C100C0A9A1 /* LaunchScreen.storyboard */; };
		2246436A2451E66900C50481 /* RemoveRefeicaoViewController.swift in Sources */ = {isa = PBXBuildFile; fileRef = 224643692451E66900C50481 /* RemoveRefeicaoViewController.swift */; };
		2246436D2451FF8300C50481 /* RefeicaoDao.swift in Sources */ = {isa = PBXBuildFile; fileRef = 2246436C2451FF8300C50481 /* RefeicaoDao.swift */; };
		2246436F2452061E00C50481 /* ItemDao.swift in Sources */ = {isa = PBXBuildFile; fileRef = 2246436E2452061E00C50481 /* ItemDao.swift */; };
		2259C33E2447B53200EF8AAD /* RefeicoesTableViewController.swift in Sources */ = {isa = PBXBuildFile; fileRef = 2259C33D2447B53200EF8AAD /* RefeicoesTableViewController.swift */; };
		22A54BEA24492C3400F38F48 /* AdicionarItensViewController.swift in Sources */ = {isa = PBXBuildFile; fileRef = 22A54BE824492C3400F38F48 /* AdicionarItensViewController.swift */; };
		22A54BEB24492C3400F38F48 /* AdicionarItensViewController.xib in Resources */ = {isa = PBXBuildFile; fileRef = 22A54BE924492C3400F38F48 /* AdicionarItensViewController.xib */; };
/* End PBXBuildFile section */

/* Begin PBXFileReference section */
		220B8B05244E47FE00365793 /* Alerta.swift */ = {isa = PBXFileReference; lastKnownFileType = sourcecode.swift; path = Alerta.swift; sourceTree = "<group>"; };
		222E09BE2446251A009DF72D /* Refeicao.swift */ = {isa = PBXFileReference; lastKnownFileType = sourcecode.swift; path = Refeicao.swift; sourceTree = "<group>"; };
		222E09C024462560009DF72D /* Item.swift */ = {isa = PBXFileReference; lastKnownFileType = sourcecode.swift; path = Item.swift; sourceTree = "<group>"; };
		222EBA352444C8C100C0A9A1 /* eggplant-brownie.app */ = {isa = PBXFileReference; explicitFileType = wrapper.application; includeInIndex = 0; path = "eggplant-brownie.app"; sourceTree = BUILT_PRODUCTS_DIR; };
		222EBA382444C8C100C0A9A1 /* AppDelegate.swift */ = {isa = PBXFileReference; lastKnownFileType = sourcecode.swift; path = AppDelegate.swift; sourceTree = "<group>"; };
		222EBA3A2444C8C100C0A9A1 /* SceneDelegate.swift */ = {isa = PBXFileReference; lastKnownFileType = sourcecode.swift; path = SceneDelegate.swift; sourceTree = "<group>"; };
		222EBA3C2444C8C100C0A9A1 /* ViewController.swift */ = {isa = PBXFileReference; lastKnownFileType = sourcecode.swift; path = ViewController.swift; sourceTree = "<group>"; };
		222EBA3F2444C8C100C0A9A1 /* Base */ = {isa = PBXFileReference; lastKnownFileType = file.storyboard; name = Base; path = Base.lproj/Main.storyboard; sourceTree = "<group>"; };
		222EBA412444C8C100C0A9A1 /* Assets.xcassets */ = {isa = PBXFileReference; lastKnownFileType = folder.assetcatalog; path = Assets.xcassets; sourceTree = "<group>"; };
		222EBA442444C8C100C0A9A1 /* Base */ = {isa = PBXFileReference; lastKnownFileType = file.storyboard; name = Base; path = Base.lproj/LaunchScreen.storyboard; sourceTree = "<group>"; };
		222EBA462444C8C100C0A9A1 /* Info.plist */ = {isa = PBXFileReference; lastKnownFileType = text.plist.xml; path = Info.plist; sourceTree = "<group>"; };
		224643692451E66900C50481 /* RemoveRefeicaoViewController.swift */ = {isa = PBXFileReference; lastKnownFileType = sourcecode.swift; path = RemoveRefeicaoViewController.swift; sourceTree = "<group>"; };
		2246436C2451FF8300C50481 /* RefeicaoDao.swift */ = {isa = PBXFileReference; lastKnownFileType = sourcecode.swift; path = RefeicaoDao.swift; sourceTree = "<group>"; };
		2246436E2452061E00C50481 /* ItemDao.swift */ = {isa = PBXFileReference; lastKnownFileType = sourcecode.swift; path = ItemDao.swift; sourceTree = "<group>"; };
		2259C33D2447B53200EF8AAD /* RefeicoesTableViewController.swift */ = {isa = PBXFileReference; lastKnownFileType = sourcecode.swift; path = RefeicoesTableViewController.swift; sourceTree = "<group>"; };
		228577EA244505CD00458AC1 /* MyPlayground.playground */ = {isa = PBXFileReference; lastKnownFileType = file.playground; name = MyPlayground.playground; path = "../../../../../Library/Autosave Information/MyPlayground.playground"; sourceTree = "<group>"; xcLanguageSpecificationIdentifier = xcode.lang.swift; };
		22A54BE824492C3400F38F48 /* AdicionarItensViewController.swift */ = {isa = PBXFileReference; lastKnownFileType = sourcecode.swift; path = AdicionarItensViewController.swift; sourceTree = "<group>"; };
		22A54BE924492C3400F38F48 /* AdicionarItensViewController.xib */ = {isa = PBXFileReference; lastKnownFileType = file.xib; path = AdicionarItensViewController.xib; sourceTree = "<group>"; };
/* End PBXFileReference section */

/* Begin PBXFrameworksBuildPhase section */
		222EBA322444C8C100C0A9A1 /* Frameworks */ = {
			isa = PBXFrameworksBuildPhase;
			buildActionMask = 2147483647;
			files = (
			);
			runOnlyForDeploymentPostprocessing = 0;
		};
/* End PBXFrameworksBuildPhase section */

/* Begin PBXGroup section */
		222E09C324462672009DF72D /* Models */ = {
			isa = PBXGroup;
			children = (
				222E09C024462560009DF72D /* Item.swift */,
				222E09BE2446251A009DF72D /* Refeicao.swift */,
				220B8B05244E47FE00365793 /* Alerta.swift */,
			);
			path = Models;
			sourceTree = "<group>";
		};
		222E09C42446269D009DF72D /* Controllers */ = {
			isa = PBXGroup;
			children = (
				222EBA3C2444C8C100C0A9A1 /* ViewController.swift */,
				2259C33D2447B53200EF8AAD /* RefeicoesTableViewController.swift */,
				22A54BE824492C3400F38F48 /* AdicionarItensViewController.swift */,
				224643692451E66900C50481 /* RemoveRefeicaoViewController.swift */,
			);
			path = Controllers;
			sourceTree = "<group>";
		};
		222E09C5244626BF009DF72D /* Views */ = {
			isa = PBXGroup;
			children = (
				222EBA3E2444C8C100C0A9A1 /* Main.storyboard */,
				22A54BE924492C3400F38F48 /* AdicionarItensViewController.xib */,
			);
			path = Views;
			sourceTree = "<group>";
		};
		222EBA2C2444C8C100C0A9A1 = {
			isa = PBXGroup;
			children = (
				222EBA372444C8C100C0A9A1 /* eggplant-brownie */,
				222EBA362444C8C100C0A9A1 /* Products */,
			);
			sourceTree = "<group>";
		};
		222EBA362444C8C100C0A9A1 /* Products */ = {
			isa = PBXGroup;
			children = (
				222EBA352444C8C100C0A9A1 /* eggplant-brownie.app */,
			);
			name = Products;
			sourceTree = "<group>";
		};
		222EBA372444C8C100C0A9A1 /* eggplant-brownie */ = {
			isa = PBXGroup;
			children = (
				222EBA382444C8C100C0A9A1 /* AppDelegate.swift */,
				222EBA3A2444C8C100C0A9A1 /* SceneDelegate.swift */,
				222E09C324462672009DF72D /* Models */,
				222E09C5244626BF009DF72D /* Views */,
				222E09C42446269D009DF72D /* Controllers */,
				2246436B2451FF6B00C50481 /* Dao */,
				222EBA412444C8C100C0A9A1 /* Assets.xcassets */,
				228577EA244505CD00458AC1 /* MyPlayground.playground */,
				222EBA432444C8C100C0A9A1 /* LaunchScreen.storyboard */,
				222EBA462444C8C100C0A9A1 /* Info.plist */,
			);
			path = "eggplant-brownie";
			sourceTree = "<group>";
		};
		2246436B2451FF6B00C50481 /* Dao */ = {
			isa = PBXGroup;
			children = (
				2246436C2451FF8300C50481 /* RefeicaoDao.swift */,
				2246436E2452061E00C50481 /* ItemDao.swift */,
			);
			path = Dao;
			sourceTree = "<group>";
		};
/* End PBXGroup section */

/* Begin PBXNativeTarget section */
		222EBA342444C8C100C0A9A1 /* eggplant-brownie */ = {
			isa = PBXNativeTarget;
			buildConfigurationList = 222EBA492444C8C100C0A9A1 /* Build configuration list for PBXNativeTarget "eggplant-brownie" */;
			buildPhases = (
				222EBA312444C8C100C0A9A1 /* Sources */,
				222EBA322444C8C100C0A9A1 /* Frameworks */,
				222EBA332444C8C100C0A9A1 /* Resources */,
			);
			buildRules = (
			);
			dependencies = (
			);
			name = "eggplant-brownie";
			productName = "eggplant-brownie";
			productReference = 222EBA352444C8C100C0A9A1 /* eggplant-brownie.app */;
			productType = "com.apple.product-type.application";
		};
/* End PBXNativeTarget section */

/* Begin PBXProject section */
		222EBA2D2444C8C100C0A9A1 /* Project object */ = {
			isa = PBXProject;
			attributes = {
				LastSwiftUpdateCheck = 1140;
				LastUpgradeCheck = 1140;
				ORGANIZATIONNAME = "Carolina Lucca";
				TargetAttributes = {
					222EBA342444C8C100C0A9A1 = {
						CreatedOnToolsVersion = 11.4;
					};
				};
			};
			buildConfigurationList = 222EBA302444C8C100C0A9A1 /* Build configuration list for PBXProject "eggplant-brownie" */;
			compatibilityVersion = "Xcode 9.3";
			developmentRegion = en;
			hasScannedForEncodings = 0;
			knownRegions = (
				en,
				Base,
			);
			mainGroup = 222EBA2C2444C8C100C0A9A1;
			productRefGroup = 222EBA362444C8C100C0A9A1 /* Products */;
			projectDirPath = "";
			projectRoot = "";
			targets = (
				222EBA342444C8C100C0A9A1 /* eggplant-brownie */,
			);
		};
/* End PBXProject section */

/* Begin PBXResourcesBuildPhase section */
		222EBA332444C8C100C0A9A1 /* Resources */ = {
			isa = PBXResourcesBuildPhase;
			buildActionMask = 2147483647;
			files = (
				222EBA452444C8C100C0A9A1 /* LaunchScreen.storyboard in Resources */,
				222EBA422444C8C100C0A9A1 /* Assets.xcassets in Resources */,
				22A54BEB24492C3400F38F48 /* AdicionarItensViewController.xib in Resources */,
				222EBA402444C8C100C0A9A1 /* Main.storyboard in Resources */,
			);
			runOnlyForDeploymentPostprocessing = 0;
		};
/* End PBXResourcesBuildPhase section */

/* Begin PBXSourcesBuildPhase section */
		222EBA312444C8C100C0A9A1 /* Sources */ = {
			isa = PBXSourcesBuildPhase;
			buildActionMask = 2147483647;
			files = (
				220B8B06244E47FE00365793 /* Alerta.swift in Sources */,
				222E09C124462560009DF72D /* Item.swift in Sources */,
				222EBA3D2444C8C100C0A9A1 /* ViewController.swift in Sources */,
				2246436A2451E66900C50481 /* RemoveRefeicaoViewController.swift in Sources */,
				2246436F2452061E00C50481 /* ItemDao.swift in Sources */,
				2246436D2451FF8300C50481 /* RefeicaoDao.swift in Sources */,
				22A54BEA24492C3400F38F48 /* AdicionarItensViewController.swift in Sources */,
				222EBA392444C8C100C0A9A1 /* AppDelegate.swift in Sources */,
				2259C33E2447B53200EF8AAD /* RefeicoesTableViewController.swift in Sources */,
				222EBA3B2444C8C100C0A9A1 /* SceneDelegate.swift in Sources */,
				222E09BF2446251A009DF72D /* Refeicao.swift in Sources */,
			);
			runOnlyForDeploymentPostprocessing = 0;
		};
/* End PBXSourcesBuildPhase section */

/* Begin PBXVariantGroup section */
		222EBA3E2444C8C100C0A9A1 /* Main.storyboard */ = {
			isa = PBXVariantGroup;
			children = (
				222EBA3F2444C8C100C0A9A1 /* Base */,
			);
			name = Main.storyboard;
			sourceTree = "<group>";
		};
		222EBA432444C8C100C0A9A1 /* LaunchScreen.storyboard */ = {
			isa = PBXVariantGroup;
			children = (
				222EBA442444C8C100C0A9A1 /* Base */,
			);
			name = LaunchScreen.storyboard;
			sourceTree = "<group>";
		};
/* End PBXVariantGroup section */

/* Begin XCBuildConfiguration section */
		222EBA472444C8C100C0A9A1 /* Debug */ = {
			isa = XCBuildConfiguration;
			buildSettings = {
				ALWAYS_SEARCH_USER_PATHS = NO;
				CLANG_ANALYZER_NONNULL = YES;
				CLANG_ANALYZER_NUMBER_OBJECT_CONVERSION = YES_AGGRESSIVE;
				CLANG_CXX_LANGUAGE_STANDARD = "gnu++14";
				CLANG_CXX_LIBRARY = "libc++";
				CLANG_ENABLE_MODULES = YES;
				CLANG_ENABLE_OBJC_ARC = YES;
				CLANG_ENABLE_OBJC_WEAK = YES;
				CLANG_WARN_BLOCK_CAPTURE_AUTORELEASING = YES;
				CLANG_WARN_BOOL_CONVERSION = YES;
				CLANG_WARN_COMMA = YES;
				CLANG_WARN_CONSTANT_CONVERSION = YES;
				CLANG_WARN_DEPRECATED_OBJC_IMPLEMENTATIONS = YES;
				CLANG_WARN_DIRECT_OBJC_ISA_USAGE = YES_ERROR;
				CLANG_WARN_DOCUMENTATION_COMMENTS = YES;
				CLANG_WARN_EMPTY_BODY = YES;
				CLANG_WARN_ENUM_CONVERSION = YES;
				CLANG_WARN_INFINITE_RECURSION = YES;
				CLANG_WARN_INT_CONVERSION = YES;
				CLANG_WARN_NON_LITERAL_NULL_CONVERSION = YES;
				CLANG_WARN_OBJC_IMPLICIT_RETAIN_SELF = YES;
				CLANG_WARN_OBJC_LITERAL_CONVERSION = YES;
				CLANG_WARN_OBJC_ROOT_CLASS = YES_ERROR;
				CLANG_WARN_RANGE_LOOP_ANALYSIS = YES;
				CLANG_WARN_STRICT_PROTOTYPES = YES;
				CLANG_WARN_SUSPICIOUS_MOVE = YES;
				CLANG_WARN_UNGUARDED_AVAILABILITY = YES_AGGRESSIVE;
				CLANG_WARN_UNREACHABLE_CODE = YES;
				CLANG_WARN__DUPLICATE_METHOD_MATCH = YES;
				COPY_PHASE_STRIP = NO;
				DEBUG_INFORMATION_FORMAT = dwarf;
				ENABLE_STRICT_OBJC_MSGSEND = YES;
				ENABLE_TESTABILITY = YES;
				GCC_C_LANGUAGE_STANDARD = gnu11;
				GCC_DYNAMIC_NO_PIC = NO;
				GCC_NO_COMMON_BLOCKS = YES;
				GCC_OPTIMIZATION_LEVEL = 0;
				GCC_PREPROCESSOR_DEFINITIONS = (
					"DEBUG=1",
					"$(inherited)",
				);
				GCC_WARN_64_TO_32_BIT_CONVERSION = YES;
				GCC_WARN_ABOUT_RETURN_TYPE = YES_ERROR;
				GCC_WARN_UNDECLARED_SELECTOR = YES;
				GCC_WARN_UNINITIALIZED_AUTOS = YES_AGGRESSIVE;
				GCC_WARN_UNUSED_FUNCTION = YES;
				GCC_WARN_UNUSED_VARIABLE = YES;
				IPHONEOS_DEPLOYMENT_TARGET = 13.4;
				MTL_ENABLE_DEBUG_INFO = INCLUDE_SOURCE;
				MTL_FAST_MATH = YES;
				ONLY_ACTIVE_ARCH = YES;
				SDKROOT = iphoneos;
				SWIFT_ACTIVE_COMPILATION_CONDITIONS = DEBUG;
				SWIFT_OPTIMIZATION_LEVEL = "-Onone";
			};
			name = Debug;
		};
		222EBA482444C8C100C0A9A1 /* Release */ = {
			isa = XCBuildConfiguration;
			buildSettings = {
				ALWAYS_SEARCH_USER_PATHS = NO;
				CLANG_ANALYZER_NONNULL = YES;
				CLANG_ANALYZER_NUMBER_OBJECT_CONVERSION = YES_AGGRESSIVE;
				CLANG_CXX_LANGUAGE_STANDARD = "gnu++14";
				CLANG_CXX_LIBRARY = "libc++";
				CLANG_ENABLE_MODULES = YES;
				CLANG_ENABLE_OBJC_ARC = YES;
				CLANG_ENABLE_OBJC_WEAK = YES;
				CLANG_WARN_BLOCK_CAPTURE_AUTORELEASING = YES;
				CLANG_WARN_BOOL_CONVERSION = YES;
				CLANG_WARN_COMMA = YES;
				CLANG_WARN_CONSTANT_CONVERSION = YES;
				CLANG_WARN_DEPRECATED_OBJC_IMPLEMENTATIONS = YES;
				CLANG_WARN_DIRECT_OBJC_ISA_USAGE = YES_ERROR;
				CLANG_WARN_DOCUMENTATION_COMMENTS = YES;
				CLANG_WARN_EMPTY_BODY = YES;
				CLANG_WARN_ENUM_CONVERSION = YES;
				CLANG_WARN_INFINITE_RECURSION = YES;
				CLANG_WARN_INT_CONVERSION = YES;
				CLANG_WARN_NON_LITERAL_NULL_CONVERSION = YES;
				CLANG_WARN_OBJC_IMPLICIT_RETAIN_SELF = YES;
				CLANG_WARN_OBJC_LITERAL_CONVERSION = YES;
				CLANG_WARN_OBJC_ROOT_CLASS = YES_ERROR;
				CLANG_WARN_RANGE_LOOP_ANALYSIS = YES;
				CLANG_WARN_STRICT_PROTOTYPES = YES;
				CLANG_WARN_SUSPICIOUS_MOVE = YES;
				CLANG_WARN_UNGUARDED_AVAILABILITY = YES_AGGRESSIVE;
				CLANG_WARN_UNREACHABLE_CODE = YES;
				CLANG_WARN__DUPLICATE_METHOD_MATCH = YES;
				COPY_PHASE_STRIP = NO;
				DEBUG_INFORMATION_FORMAT = "dwarf-with-dsym";
				ENABLE_NS_ASSERTIONS = NO;
				ENABLE_STRICT_OBJC_MSGSEND = YES;
				GCC_C_LANGUAGE_STANDARD = gnu11;
				GCC_NO_COMMON_BLOCKS = YES;
				GCC_WARN_64_TO_32_BIT_CONVERSION = YES;
				GCC_WARN_ABOUT_RETURN_TYPE = YES_ERROR;
				GCC_WARN_UNDECLARED_SELECTOR = YES;
				GCC_WARN_UNINITIALIZED_AUTOS = YES_AGGRESSIVE;
				GCC_WARN_UNUSED_FUNCTION = YES;
				GCC_WARN_UNUSED_VARIABLE = YES;
				IPHONEOS_DEPLOYMENT_TARGET = 13.4;
				MTL_ENABLE_DEBUG_INFO = NO;
				MTL_FAST_MATH = YES;
				SDKROOT = iphoneos;
				SWIFT_COMPILATION_MODE = wholemodule;
				SWIFT_OPTIMIZATION_LEVEL = "-O";
				VALIDATE_PRODUCT = YES;
			};
			name = Release;
		};
		222EBA4A2444C8C100C0A9A1 /* Debug */ = {
			isa = XCBuildConfiguration;
			buildSettings = {
				ASSETCATALOG_COMPILER_APPICON_NAME = AppIcon;
				CODE_SIGN_STYLE = Automatic;
				INFOPLIST_FILE = "eggplant-brownie/Info.plist";
				LD_RUNPATH_SEARCH_PATHS = (
					"$(inherited)",
					"@executable_path/Frameworks",
				);
				PRODUCT_BUNDLE_IDENTIFIER = "br.com.eggplant-brownie";
				PRODUCT_NAME = "$(TARGET_NAME)";
				SWIFT_VERSION = 5.0;
				TARGETED_DEVICE_FAMILY = "1,2";
			};
			name = Debug;
		};
		222EBA4B2444C8C100C0A9A1 /* Release */ = {
			isa = XCBuildConfiguration;
			buildSettings = {
				ASSETCATALOG_COMPILER_APPICON_NAME = AppIcon;
				CODE_SIGN_STYLE = Automatic;
				INFOPLIST_FILE = "eggplant-brownie/Info.plist";
				LD_RUNPATH_SEARCH_PATHS = (
					"$(inherited)",
					"@executable_path/Frameworks",
				);
				PRODUCT_BUNDLE_IDENTIFIER = "br.com.eggplant-brownie";
				PRODUCT_NAME = "$(TARGET_NAME)";
				SWIFT_VERSION = 5.0;
				TARGETED_DEVICE_FAMILY = "1,2";
			};
			name = Release;
		};
/* End XCBuildConfiguration section */

/* Begin XCConfigurationList section */
		222EBA302444C8C100C0A9A1 /* Build configuration list for PBXProject "eggplant-brownie" */ = {
			isa = XCConfigurationList;
			buildConfigurations = (
				222EBA472444C8C100C0A9A1 /* Debug */,
				222EBA482444C8C100C0A9A1 /* Release */,
			);
			defaultConfigurationIsVisible = 0;
			defaultConfigurationName = Release;
		};
		222EBA492444C8C100C0A9A1 /* Build configuration list for PBXNativeTarget "eggplant-brownie" */ = {
			isa = XCConfigurationList;
			buildConfigurations = (
				222EBA4A2444C8C100C0A9A1 /* Debug */,
				222EBA4B2444C8C100C0A9A1 /* Release */,
			);
			defaultConfigurationIsVisible = 0;
			defaultConfigurationName = Release;
		};
/* End XCConfigurationList section */
	};
	rootObject = 222EBA2D2444C8C100C0A9A1 /* Project object */;
}
